
Microsoft Visual Studio Solution File, Format Version 12.00
# Visual Studio Version 17
VisualStudioVersion = 17.3.32929.385
MinimumVisualStudioVersion = 10.0.40219.1
Project("{FAE04EC0-301F-11D3-BF4B-00C04F79EFBC}") = "Exercicios4", "Exercicios4\Exercicios4.csproj", "{7FF09A70-5BCF-443F-8353-BCA641B59130}"
EndProject
Global
	GlobalSection(SolutionConfigurationPlatforms) = preSolution
		Debug|Any CPU = Debug|Any CPU
		Release|Any CPU = Release|Any CPU
	EndGlobalSection
	GlobalSection(ProjectConfigurationPlatforms) = postSolution
		{7FF09A70-5BCF-443F-8353-BCA641B59130}.Debug|Any CPU.ActiveCfg = Debug|Any CPU
		{7FF09A70-5BCF-443F-8353-BCA641B59130}.Debug|Any CPU.Build.0 = Debug|Any CPU
		{7FF09A70-5BCF-443F-8353-BCA641B59130}.Release|Any CPU.ActiveCfg = Release|Any CPU
		{7FF09A70-5BCF-443F-8353-BCA641B59130}.Release|Any CPU.Build.0 = Release|Any CPU
	EndGlobalSection
	GlobalSection(SolutionProperties) = preSolution
		HideSolutionNode = FALSE
	EndGlobalSection
	GlobalSection(ExtensibilityGlobals) = postSolution
		SolutionGuid = {33356FCF-F133-4EE8-AD02-F1A4E8AC3FF6}
	EndGlobalSection
EndGlobal
