
Microsoft Visual Studio Solution File, Format Version 12.00
# Visual Studio Version 17
VisualStudioVersion = 17.3.32929.385
MinimumVisualStudioVersion = 10.0.40219.1
Project("{FAE04EC0-301F-11D3-BF4B-00C04F79EFBC}") = "Saidadedados", "Saidadedados\Saidadedados.csproj", "{F0437A61-53B2-40F6-9A0E-2B1B6F3D042F}"
EndProject
Global
	GlobalSection(SolutionConfigurationPlatforms) = preSolution
		Debug|Any CPU = Debug|Any CPU
		Release|Any CPU = Release|Any CPU
	EndGlobalSection
	GlobalSection(ProjectConfigurationPlatforms) = postSolution
		{F0437A61-53B2-40F6-9A0E-2B1B6F3D042F}.Debug|Any CPU.ActiveCfg = Debug|Any CPU
		{F0437A61-53B2-40F6-9A0E-2B1B6F3D042F}.Debug|Any CPU.Build.0 = Debug|Any CPU
		{F0437A61-53B2-40F6-9A0E-2B1B6F3D042F}.Release|Any CPU.ActiveCfg = Release|Any CPU
		{F0437A61-53B2-40F6-9A0E-2B1B6F3D042F}.Release|Any CPU.Build.0 = Release|Any CPU
	EndGlobalSection
	GlobalSection(SolutionProperties) = preSolution
		HideSolutionNode = FALSE
	EndGlobalSection
	GlobalSection(ExtensibilityGlobals) = postSolution
		SolutionGuid = {488D305F-69BE-43B9-9174-ABFC0E066DD4}
	EndGlobalSection
EndGlobal
