
Microsoft Visual Studio Solution File, Format Version 12.00
# Visual Studio Version 17
VisualStudioVersion = 17.3.32929.385
MinimumVisualStudioVersion = 10.0.40219.1
Project("{FAE04EC0-301F-11D3-BF4B-00C04F79EFBC}") = "ExercicePDF1", "ExercicePDF1\ExercicePDF1.csproj", "{80F1D3A5-F300-4F02-9BB4-7E48DE23B202}"
EndProject
Global
	GlobalSection(SolutionConfigurationPlatforms) = preSolution
		Debug|Any CPU = Debug|Any CPU
		Release|Any CPU = Release|Any CPU
	EndGlobalSection
	GlobalSection(ProjectConfigurationPlatforms) = postSolution
		{80F1D3A5-F300-4F02-9BB4-7E48DE23B202}.Debug|Any CPU.ActiveCfg = Debug|Any CPU
		{80F1D3A5-F300-4F02-9BB4-7E48DE23B202}.Debug|Any CPU.Build.0 = Debug|Any CPU
		{80F1D3A5-F300-4F02-9BB4-7E48DE23B202}.Release|Any CPU.ActiveCfg = Release|Any CPU
		{80F1D3A5-F300-4F02-9BB4-7E48DE23B202}.Release|Any CPU.Build.0 = Release|Any CPU
	EndGlobalSection
	GlobalSection(SolutionProperties) = preSolution
		HideSolutionNode = FALSE
	EndGlobalSection
	GlobalSection(ExtensibilityGlobals) = postSolution
		SolutionGuid = {2E0C9119-9091-4C2C-8C6A-B173961D5B4C}
	EndGlobalSection
EndGlobal
