
Microsoft Visual Studio Solution File, Format Version 12.00
# Visual Studio Version 17
VisualStudioVersion = 17.3.32929.385
MinimumVisualStudioVersion = 10.0.40219.1
Project("{FAE04EC0-301F-11D3-BF4B-00C04F79EFBC}") = "Operadores_aritimeticos", "Operadores_aritimeticos\Operadores_aritimeticos.csproj", "{9DC3997A-8571-4A8C-BA85-DC03B8387DAE}"
EndProject
Global
	GlobalSection(SolutionConfigurationPlatforms) = preSolution
		Debug|Any CPU = Debug|Any CPU
		Release|Any CPU = Release|Any CPU
	EndGlobalSection
	GlobalSection(ProjectConfigurationPlatforms) = postSolution
		{9DC3997A-8571-4A8C-BA85-DC03B8387DAE}.Debug|Any CPU.ActiveCfg = Debug|Any CPU
		{9DC3997A-8571-4A8C-BA85-DC03B8387DAE}.Debug|Any CPU.Build.0 = Debug|Any CPU
		{9DC3997A-8571-4A8C-BA85-DC03B8387DAE}.Release|Any CPU.ActiveCfg = Release|Any CPU
		{9DC3997A-8571-4A8C-BA85-DC03B8387DAE}.Release|Any CPU.Build.0 = Release|Any CPU
	EndGlobalSection
	GlobalSection(SolutionProperties) = preSolution
		HideSolutionNode = FALSE
	EndGlobalSection
	GlobalSection(ExtensibilityGlobals) = postSolution
		SolutionGuid = {39739562-5E7D-4179-B98D-C2E9394D817B}
	EndGlobalSection
EndGlobal
