
Microsoft Visual Studio Solution File, Format Version 12.00
# Visual Studio Version 17
VisualStudioVersion = 17.3.32929.385
MinimumVisualStudioVersion = 10.0.40219.1
Project("{FAE04EC0-301F-11D3-BF4B-00C04F79EFBC}") = "Vetores", "Vetores\Vetores.csproj", "{D5335341-6B22-4EE6-BD87-FDF4795C6F6D}"
EndProject
Global
	GlobalSection(SolutionConfigurationPlatforms) = preSolution
		Debug|Any CPU = Debug|Any CPU
		Release|Any CPU = Release|Any CPU
	EndGlobalSection
	GlobalSection(ProjectConfigurationPlatforms) = postSolution
		{D5335341-6B22-4EE6-BD87-FDF4795C6F6D}.Debug|Any CPU.ActiveCfg = Debug|Any CPU
		{D5335341-6B22-4EE6-BD87-FDF4795C6F6D}.Debug|Any CPU.Build.0 = Debug|Any CPU
		{D5335341-6B22-4EE6-BD87-FDF4795C6F6D}.Release|Any CPU.ActiveCfg = Release|Any CPU
		{D5335341-6B22-4EE6-BD87-FDF4795C6F6D}.Release|Any CPU.Build.0 = Release|Any CPU
	EndGlobalSection
	GlobalSection(SolutionProperties) = preSolution
		HideSolutionNode = FALSE
	EndGlobalSection
	GlobalSection(ExtensibilityGlobals) = postSolution
		SolutionGuid = {CBF3BD22-A80A-454C-BB5A-65B10233FA4B}
	EndGlobalSection
EndGlobal
