
Microsoft Visual Studio Solution File, Format Version 12.00
# Visual Studio Version 17
VisualStudioVersion = 17.3.32929.385
MinimumVisualStudioVersion = 10.0.40219.1
Project("{9A19103F-16F7-4668-BE54-9A1E7A4F7556}") = "PrimeiroProjeto", "PrimeiroProjeto\PrimeiroProjeto.csproj", "{205914CD-444A-48B6-BBD3-7190DF9EEBCD}"
EndProject
Global
	GlobalSection(SolutionConfigurationPlatforms) = preSolution
		Debug|Any CPU = Debug|Any CPU
		Release|Any CPU = Release|Any CPU
	EndGlobalSection
	GlobalSection(ProjectConfigurationPlatforms) = postSolution
		{205914CD-444A-48B6-BBD3-7190DF9EEBCD}.Debug|Any CPU.ActiveCfg = Debug|Any CPU
		{205914CD-444A-48B6-BBD3-7190DF9EEBCD}.Debug|Any CPU.Build.0 = Debug|Any CPU
		{205914CD-444A-48B6-BBD3-7190DF9EEBCD}.Release|Any CPU.ActiveCfg = Release|Any CPU
		{205914CD-444A-48B6-BBD3-7190DF9EEBCD}.Release|Any CPU.Build.0 = Release|Any CPU
	EndGlobalSection
	GlobalSection(SolutionProperties) = preSolution
		HideSolutionNode = FALSE
	EndGlobalSection
	GlobalSection(ExtensibilityGlobals) = postSolution
		SolutionGuid = {3BEBA7AD-D4A2-4EC5-8F59-A0B368B1FE28}
	EndGlobalSection
EndGlobal
