
Microsoft Visual Studio Solution File, Format Version 12.00
# Visual Studio Version 17
VisualStudioVersion = 17.3.32929.385
MinimumVisualStudioVersion = 10.0.40219.1
Project("{FAE04EC0-301F-11D3-BF4B-00C04F79EFBC}") = "Project", "Project\Project.csproj", "{BBF51105-B577-4167-8E13-30E9166F48BB}"
EndProject
Global
	GlobalSection(SolutionConfigurationPlatforms) = preSolution
		Debug|Any CPU = Debug|Any CPU
		Release|Any CPU = Release|Any CPU
	EndGlobalSection
	GlobalSection(ProjectConfigurationPlatforms) = postSolution
		{BBF51105-B577-4167-8E13-30E9166F48BB}.Debug|Any CPU.ActiveCfg = Debug|Any CPU
		{BBF51105-B577-4167-8E13-30E9166F48BB}.Debug|Any CPU.Build.0 = Debug|Any CPU
		{BBF51105-B577-4167-8E13-30E9166F48BB}.Release|Any CPU.ActiveCfg = Release|Any CPU
		{BBF51105-B577-4167-8E13-30E9166F48BB}.Release|Any CPU.Build.0 = Release|Any CPU
	EndGlobalSection
	GlobalSection(SolutionProperties) = preSolution
		HideSolutionNode = FALSE
	EndGlobalSection
	GlobalSection(ExtensibilityGlobals) = postSolution
		SolutionGuid = {5E529C0B-0B2C-4757-AA60-05EA2B7270F1}
	EndGlobalSection
EndGlobal
